{
  "name": "syntaxanalyzer",
  "version": "1.0.0",
  "lockfileVersion": 1,
  "requires": true,
  "dependencies": {
    "escape-string-regexp": {
      "version": "1.0.5",
      "resolved": "https://registry.npmjs.org/escape-string-regexp/-/escape-string-regexp-1.0.5.tgz",
      "integrity": "sha1-G2HAViGQqN/2rjuyzwIAyhMLhtQ="
    },
    "import-export": {
      "version": "1.0.1",
      "resolved": "https://registry.npmjs.org/import-export/-/import-export-1.0.1.tgz",
      "integrity": "sha1-K3BfydAioyz4akPkEiS44lq2M14=",
      "requires": {
        "node-hook": "0.4.1"
      }
    },
    "node-hook": {
      "version": "0.4.1",
      "resolved": "https://registry.npmjs.org/node-hook/-/node-hook-0.4.1.tgz",
      "integrity": "sha1-EBahBuk+vZWf0zfL41+mOX+p1hw="
    },
    "xml-parse": {
      "version": "0.3.1",
      "resolved": "https://registry.npmjs.org/xml-parse/-/xml-parse-0.3.1.tgz",
      "integrity": "sha512-QW0wUpOnyfCLt7QUaRvSCs9GaY2E7eKcl6l5gq4elY/zen4HP69gbWKZGwcmVA5ZG2uYUJf6xMpGOn7e/uG+Dg=="
    }
  }
}
